
Microsoft Visual Studio Solution File, Format Version 12.00
# Visual Studio Version 16
VisualStudioVersion = 16.0.30717.126
MinimumVisualStudioVersion = 10.0.40219.1
Project("{FAE04EC0-301F-11D3-BF4B-00C04F79EFBC}") = "DZ_12", "DZ_12\DZ_12.csproj", "{A75418E5-EA5B-4BC9-BD91-244A32EE335B}"
EndProject
Global
	GlobalSection(SolutionConfigurationPlatforms) = preSolution
		Debug|Any CPU = Debug|Any CPU
		Release|Any CPU = Release|Any CPU
	EndGlobalSection
	GlobalSection(ProjectConfigurationPlatforms) = postSolution
		{A75418E5-EA5B-4BC9-BD91-244A32EE335B}.Debug|Any CPU.ActiveCfg = Debug|Any CPU
		{A75418E5-EA5B-4BC9-BD91-244A32EE335B}.Debug|Any CPU.Build.0 = Debug|Any CPU
		{A75418E5-EA5B-4BC9-BD91-244A32EE335B}.Release|Any CPU.ActiveCfg = Release|Any CPU
		{A75418E5-EA5B-4BC9-BD91-244A32EE335B}.Release|Any CPU.Build.0 = Release|Any CPU
	EndGlobalSection
	GlobalSection(SolutionProperties) = preSolution
		HideSolutionNode = FALSE
	EndGlobalSection
	GlobalSection(ExtensibilityGlobals) = postSolution
		SolutionGuid = {2616DCFA-6E76-48F8-A730-33D0298CDF1D}
	EndGlobalSection
EndGlobal
